
Microsoft Visual Studio Solution File, Format Version 12.00
# Visual Studio Version 17
VisualStudioVersion = 17.8.34511.84
MinimumVisualStudioVersion = 10.0.40219.1
Project("{FAE04EC0-301F-11D3-BF4B-00C04F79EFBC}") = "WebApplication11", "WebApplication11\WebApplication11.csproj", "{20F5216E-7496-4E3F-BCF9-492E5543E0EE}"
EndProject
Global
	GlobalSection(SolutionConfigurationPlatforms) = preSolution
		Debug|Any CPU = Debug|Any CPU
		Release|Any CPU = Release|Any CPU
	EndGlobalSection
	GlobalSection(ProjectConfigurationPlatforms) = postSolution
		{20F5216E-7496-4E3F-BCF9-492E5543E0EE}.Debug|Any CPU.ActiveCfg = Debug|Any CPU
		{20F5216E-7496-4E3F-BCF9-492E5543E0EE}.Debug|Any CPU.Build.0 = Debug|Any CPU
		{20F5216E-7496-4E3F-BCF9-492E5543E0EE}.Release|Any CPU.ActiveCfg = Release|Any CPU
		{20F5216E-7496-4E3F-BCF9-492E5543E0EE}.Release|Any CPU.Build.0 = Release|Any CPU
	EndGlobalSection
	GlobalSection(SolutionProperties) = preSolution
		HideSolutionNode = FALSE
	EndGlobalSection
	GlobalSection(ExtensibilityGlobals) = postSolution
		SolutionGuid = {CBD6959E-577A-43A2-A897-1936F525059B}
	EndGlobalSection
EndGlobal
